
Microsoft Visual Studio Solution File, Format Version 12.00
# Visual Studio Version 16
VisualStudioVersion = 16.0.31515.178
MinimumVisualStudioVersion = 10.0.40219.1
Project("{FAE04EC0-301F-11D3-BF4B-00C04F79EFBC}") = "Galgje2.0Ref", "Galgje2.0Ref\Galgje2.0Ref.csproj", "{23B3C398-6D25-4911-BEDD-0B2CACB8C963}"
EndProject
Global
	GlobalSection(SolutionConfigurationPlatforms) = preSolution
		Debug|Any CPU = Debug|Any CPU
		Release|Any CPU = Release|Any CPU
	EndGlobalSection
	GlobalSection(ProjectConfigurationPlatforms) = postSolution
		{23B3C398-6D25-4911-BEDD-0B2CACB8C963}.Debug|Any CPU.ActiveCfg = Debug|Any CPU
		{23B3C398-6D25-4911-BEDD-0B2CACB8C963}.Debug|Any CPU.Build.0 = Debug|Any CPU
		{23B3C398-6D25-4911-BEDD-0B2CACB8C963}.Release|Any CPU.ActiveCfg = Release|Any CPU
		{23B3C398-6D25-4911-BEDD-0B2CACB8C963}.Release|Any CPU.Build.0 = Release|Any CPU
	EndGlobalSection
	GlobalSection(SolutionProperties) = preSolution
		HideSolutionNode = FALSE
	EndGlobalSection
	GlobalSection(ExtensibilityGlobals) = postSolution
		SolutionGuid = {CCC56F46-5388-4530-84BE-660124506C40}
	EndGlobalSection
EndGlobal
